
Microsoft Visual Studio Solution File, Format Version 12.00
# Visual Studio Version 17
VisualStudioVersion = 17.0.32126.317
MinimumVisualStudioVersion = 10.0.40219.1
Project("{FAE04EC0-301F-11D3-BF4B-00C04F79EFBC}") = "NetworkController", "NetworkController.csproj", "{46858DF9-ED91-4455-BC10-2E51C696118A}"
EndProject
Global
	GlobalSection(SolutionConfigurationPlatforms) = preSolution
		Debug|Any CPU = Debug|Any CPU
		Release|Any CPU = Release|Any CPU
	EndGlobalSection
	GlobalSection(ProjectConfigurationPlatforms) = postSolution
		{46858DF9-ED91-4455-BC10-2E51C696118A}.Debug|Any CPU.ActiveCfg = Debug|Any CPU
		{46858DF9-ED91-4455-BC10-2E51C696118A}.Debug|Any CPU.Build.0 = Debug|Any CPU
		{46858DF9-ED91-4455-BC10-2E51C696118A}.Release|Any CPU.ActiveCfg = Release|Any CPU
		{46858DF9-ED91-4455-BC10-2E51C696118A}.Release|Any CPU.Build.0 = Release|Any CPU
	EndGlobalSection
	GlobalSection(SolutionProperties) = preSolution
		HideSolutionNode = FALSE
	EndGlobalSection
	GlobalSection(ExtensibilityGlobals) = postSolution
		SolutionGuid = {6BA3242E-906A-40C6-8A81-E1892B02AF0F}
	EndGlobalSection
EndGlobal
